
Microsoft Visual Studio Solution File, Format Version 12.00
# Visual Studio 14
VisualStudioVersion = 14.0.24720.0
MinimumVisualStudioVersion = 10.0.40219.1
Project("{FAE04EC0-301F-11D3-BF4B-00C04F79EFBC}") = "Infrastructure", "Infrastructure\Infrastructure.csproj", "{44DA2E8F-70B2-4E54-B96F-955E955149C4}"
EndProject
Project("{FAE04EC0-301F-11D3-BF4B-00C04F79EFBC}") = "Customer.BoundedContext", "Customer.BoundedContext\Customer.BoundedContext.csproj", "{5B3EDD0F-B30A-47EB-AECC-455976745A57}"
EndProject
Project("{FAE04EC0-301F-11D3-BF4B-00C04F79EFBC}") = "UI", "UI\UI.csproj", "{1CD16A35-BA3A-459D-B523-FD124707413F}"
EndProject
Project("{FAE04EC0-301F-11D3-BF4B-00C04F79EFBC}") = "Customer.API", "Customer.API\Customer.API.csproj", "{9720ACFE-75F4-40D8-BFDD-E6F773EA4482}"
EndProject
Project("{2150E333-8FDC-42A3-9474-1A3956D46DE8}") = "Testing", "Testing", "{11AD559C-E403-48C0-A818-5CFA1CA1E19E}"
EndProject
Project("{2150E333-8FDC-42A3-9474-1A3956D46DE8}") = "Common", "Common", "{0F550E98-E035-41D9-8A1B-766C4500AB44}"
EndProject
Project("{2150E333-8FDC-42A3-9474-1A3956D46DE8}") = "UserInterface", "UserInterface", "{F3C49C8F-FFAE-496A-80FF-F321614FDFEE}"
EndProject
Project("{2150E333-8FDC-42A3-9474-1A3956D46DE8}") = "Microservice.Customer", "Microservice.Customer", "{7F7CBC91-C687-49D7-9FAF-889D18AF5C73}"
EndProject
Project("{FAE04EC0-301F-11D3-BF4B-00C04F79EFBC}") = "CQRSlite", "..\CQRSlite\Framework\CQRSlite\CQRSlite.csproj", "{DAFD2A8A-D6B0-4433-8DDF-B98460C64EC6}"
EndProject
Project("{FAE04EC0-301F-11D3-BF4B-00C04F79EFBC}") = "Security.API", "Security.API\Security.API.csproj", "{9B2B497A-C41C-4603-9DD1-AE87D3E0C903}"
EndProject
Project("{2150E333-8FDC-42A3-9474-1A3956D46DE8}") = "Microservice.Security", "Microservice.Security", "{66F9FB0C-2ADA-4F69-88C2-E0919D6863FE}"
EndProject
Project("{FAE04EC0-301F-11D3-BF4B-00C04F79EFBC}") = "Security.BoundedContext", "Security.BoundedContext\Security.BoundedContext.csproj", "{53DE3E6F-4A96-49EA-A559-F5A4571B3B6D}"
EndProject
Project("{FAE04EC0-301F-11D3-BF4B-00C04F79EFBC}") = "SignalR.Web", "SignalR.Web\SignalR.Web.csproj", "{4A5FDF26-44C4-4432-8301-1B4ED7332C4D}"
EndProject
Project("{FAE04EC0-301F-11D3-BF4B-00C04F79EFBC}") = "Customer.BoundedContext.Events", "Customer.BoundedContext.Events\Customer.BoundedContext.Events.csproj", "{321A449D-F7BC-4DA8-90A3-E9BE6A296164}"
EndProject
Project("{FAE04EC0-301F-11D3-BF4B-00C04F79EFBC}") = "Security.BoundedContext.Events", "Security.BoundedContext.Events\Security.BoundedContext.Events.csproj", "{2C3AB314-51CF-47E6-954D-F75ECCA28B90}"
EndProject
Project("{FAE04EC0-301F-11D3-BF4B-00C04F79EFBC}") = "Security.BoundedContext.Tests", "Security.BoundedContext.Tests\Security.BoundedContext.Tests.csproj", "{98E25570-1841-440E-95CE-2218168E6893}"
EndProject
Project("{FAE04EC0-301F-11D3-BF4B-00C04F79EFBC}") = "Customer.BoundedContext.ValueObjects", "Customer.BoundedContext.ValueObjects\Customer.BoundedContext.ValueObjects.csproj", "{5FEBEF59-9DE8-436D-95B8-9816019DA38A}"
EndProject
Project("{FAE04EC0-301F-11D3-BF4B-00C04F79EFBC}") = "Security.BoundedContext.ValueObjects", "Security.BoundedContext.ValueObjects\Security.BoundedContext.ValueObjects.csproj", "{329340E7-899B-4A9E-A6F5-C37007C441A8}"
EndProject
Project("{FAE04EC0-301F-11D3-BF4B-00C04F79EFBC}") = "Customer.BoundedContext.Identities", "Customer.BoundedContext.Identities\Customer.BoundedContext.Identities.csproj", "{CDF1BC28-0084-48EA-95ED-8770DD0F7DD8}"
EndProject
Project("{FAE04EC0-301F-11D3-BF4B-00C04F79EFBC}") = "Security.BoundedContext.Identities", "Security.BoundedContext.Identities\Security.BoundedContext.Identities.csproj", "{3CB4F78B-A204-4540-B86B-085478D725E8}"
EndProject
Global
	GlobalSection(SolutionConfigurationPlatforms) = preSolution
		Debug|Any CPU = Debug|Any CPU
		Debug|ARM = Debug|ARM
		Debug|x64 = Debug|x64
		Debug|x86 = Debug|x86
		Release|Any CPU = Release|Any CPU
		Release|ARM = Release|ARM
		Release|x64 = Release|x64
		Release|x86 = Release|x86
	EndGlobalSection
	GlobalSection(ProjectConfigurationPlatforms) = postSolution
		{44DA2E8F-70B2-4E54-B96F-955E955149C4}.Debug|Any CPU.ActiveCfg = Debug|Any CPU
		{44DA2E8F-70B2-4E54-B96F-955E955149C4}.Debug|Any CPU.Build.0 = Debug|Any CPU
		{44DA2E8F-70B2-4E54-B96F-955E955149C4}.Debug|ARM.ActiveCfg = Debug|Any CPU
		{44DA2E8F-70B2-4E54-B96F-955E955149C4}.Debug|ARM.Build.0 = Debug|Any CPU
		{44DA2E8F-70B2-4E54-B96F-955E955149C4}.Debug|x64.ActiveCfg = Debug|Any CPU
		{44DA2E8F-70B2-4E54-B96F-955E955149C4}.Debug|x64.Build.0 = Debug|Any CPU
		{44DA2E8F-70B2-4E54-B96F-955E955149C4}.Debug|x86.ActiveCfg = Debug|Any CPU
		{44DA2E8F-70B2-4E54-B96F-955E955149C4}.Debug|x86.Build.0 = Debug|Any CPU
		{44DA2E8F-70B2-4E54-B96F-955E955149C4}.Release|Any CPU.ActiveCfg = Release|Any CPU
		{44DA2E8F-70B2-4E54-B96F-955E955149C4}.Release|Any CPU.Build.0 = Release|Any CPU
		{44DA2E8F-70B2-4E54-B96F-955E955149C4}.Release|ARM.ActiveCfg = Release|Any CPU
		{44DA2E8F-70B2-4E54-B96F-955E955149C4}.Release|ARM.Build.0 = Release|Any CPU
		{44DA2E8F-70B2-4E54-B96F-955E955149C4}.Release|x64.ActiveCfg = Release|Any CPU
		{44DA2E8F-70B2-4E54-B96F-955E955149C4}.Release|x64.Build.0 = Release|Any CPU
		{44DA2E8F-70B2-4E54-B96F-955E955149C4}.Release|x86.ActiveCfg = Release|Any CPU
		{44DA2E8F-70B2-4E54-B96F-955E955149C4}.Release|x86.Build.0 = Release|Any CPU
		{5B3EDD0F-B30A-47EB-AECC-455976745A57}.Debug|Any CPU.ActiveCfg = Debug|Any CPU
		{5B3EDD0F-B30A-47EB-AECC-455976745A57}.Debug|Any CPU.Build.0 = Debug|Any CPU
		{5B3EDD0F-B30A-47EB-AECC-455976745A57}.Debug|ARM.ActiveCfg = Debug|Any CPU
		{5B3EDD0F-B30A-47EB-AECC-455976745A57}.Debug|ARM.Build.0 = Debug|Any CPU
		{5B3EDD0F-B30A-47EB-AECC-455976745A57}.Debug|x64.ActiveCfg = Debug|Any CPU
		{5B3EDD0F-B30A-47EB-AECC-455976745A57}.Debug|x64.Build.0 = Debug|Any CPU
		{5B3EDD0F-B30A-47EB-AECC-455976745A57}.Debug|x86.ActiveCfg = Debug|Any CPU
		{5B3EDD0F-B30A-47EB-AECC-455976745A57}.Debug|x86.Build.0 = Debug|Any CPU
		{5B3EDD0F-B30A-47EB-AECC-455976745A57}.Release|Any CPU.ActiveCfg = Release|Any CPU
		{5B3EDD0F-B30A-47EB-AECC-455976745A57}.Release|Any CPU.Build.0 = Release|Any CPU
		{5B3EDD0F-B30A-47EB-AECC-455976745A57}.Release|ARM.ActiveCfg = Release|Any CPU
		{5B3EDD0F-B30A-47EB-AECC-455976745A57}.Release|ARM.Build.0 = Release|Any CPU
		{5B3EDD0F-B30A-47EB-AECC-455976745A57}.Release|x64.ActiveCfg = Release|Any CPU
		{5B3EDD0F-B30A-47EB-AECC-455976745A57}.Release|x64.Build.0 = Release|Any CPU
		{5B3EDD0F-B30A-47EB-AECC-455976745A57}.Release|x86.ActiveCfg = Release|Any CPU
		{5B3EDD0F-B30A-47EB-AECC-455976745A57}.Release|x86.Build.0 = Release|Any CPU
		{1CD16A35-BA3A-459D-B523-FD124707413F}.Debug|Any CPU.ActiveCfg = Debug|Any CPU
		{1CD16A35-BA3A-459D-B523-FD124707413F}.Debug|Any CPU.Build.0 = Debug|Any CPU
		{1CD16A35-BA3A-459D-B523-FD124707413F}.Debug|ARM.ActiveCfg = Debug|Any CPU
		{1CD16A35-BA3A-459D-B523-FD124707413F}.Debug|ARM.Build.0 = Debug|Any CPU
		{1CD16A35-BA3A-459D-B523-FD124707413F}.Debug|x64.ActiveCfg = Debug|Any CPU
		{1CD16A35-BA3A-459D-B523-FD124707413F}.Debug|x64.Build.0 = Debug|Any CPU
		{1CD16A35-BA3A-459D-B523-FD124707413F}.Debug|x86.ActiveCfg = Debug|Any CPU
		{1CD16A35-BA3A-459D-B523-FD124707413F}.Debug|x86.Build.0 = Debug|Any CPU
		{1CD16A35-BA3A-459D-B523-FD124707413F}.Release|Any CPU.ActiveCfg = Release|Any CPU
		{1CD16A35-BA3A-459D-B523-FD124707413F}.Release|Any CPU.Build.0 = Release|Any CPU
		{1CD16A35-BA3A-459D-B523-FD124707413F}.Release|ARM.ActiveCfg = Release|Any CPU
		{1CD16A35-BA3A-459D-B523-FD124707413F}.Release|ARM.Build.0 = Release|Any CPU
		{1CD16A35-BA3A-459D-B523-FD124707413F}.Release|x64.ActiveCfg = Release|Any CPU
		{1CD16A35-BA3A-459D-B523-FD124707413F}.Release|x64.Build.0 = Release|Any CPU
		{1CD16A35-BA3A-459D-B523-FD124707413F}.Release|x86.ActiveCfg = Release|Any CPU
		{1CD16A35-BA3A-459D-B523-FD124707413F}.Release|x86.Build.0 = Release|Any CPU
		{9720ACFE-75F4-40D8-BFDD-E6F773EA4482}.Debug|Any CPU.ActiveCfg = Debug|Any CPU
		{9720ACFE-75F4-40D8-BFDD-E6F773EA4482}.Debug|Any CPU.Build.0 = Debug|Any CPU
		{9720ACFE-75F4-40D8-BFDD-E6F773EA4482}.Debug|ARM.ActiveCfg = Debug|Any CPU
		{9720ACFE-75F4-40D8-BFDD-E6F773EA4482}.Debug|ARM.Build.0 = Debug|Any CPU
		{9720ACFE-75F4-40D8-BFDD-E6F773EA4482}.Debug|x64.ActiveCfg = Debug|Any CPU
		{9720ACFE-75F4-40D8-BFDD-E6F773EA4482}.Debug|x64.Build.0 = Debug|Any CPU
		{9720ACFE-75F4-40D8-BFDD-E6F773EA4482}.Debug|x86.ActiveCfg = Debug|Any CPU
		{9720ACFE-75F4-40D8-BFDD-E6F773EA4482}.Debug|x86.Build.0 = Debug|Any CPU
		{9720ACFE-75F4-40D8-BFDD-E6F773EA4482}.Release|Any CPU.ActiveCfg = Release|Any CPU
		{9720ACFE-75F4-40D8-BFDD-E6F773EA4482}.Release|Any CPU.Build.0 = Release|Any CPU
		{9720ACFE-75F4-40D8-BFDD-E6F773EA4482}.Release|ARM.ActiveCfg = Release|Any CPU
		{9720ACFE-75F4-40D8-BFDD-E6F773EA4482}.Release|ARM.Build.0 = Release|Any CPU
		{9720ACFE-75F4-40D8-BFDD-E6F773EA4482}.Release|x64.ActiveCfg = Release|Any CPU
		{9720ACFE-75F4-40D8-BFDD-E6F773EA4482}.Release|x64.Build.0 = Release|Any CPU
		{9720ACFE-75F4-40D8-BFDD-E6F773EA4482}.Release|x86.ActiveCfg = Release|Any CPU
		{9720ACFE-75F4-40D8-BFDD-E6F773EA4482}.Release|x86.Build.0 = Release|Any CPU
		{DAFD2A8A-D6B0-4433-8DDF-B98460C64EC6}.Debug|Any CPU.ActiveCfg = Debug|Any CPU
		{DAFD2A8A-D6B0-4433-8DDF-B98460C64EC6}.Debug|Any CPU.Build.0 = Debug|Any CPU
		{DAFD2A8A-D6B0-4433-8DDF-B98460C64EC6}.Debug|ARM.ActiveCfg = Debug|Any CPU
		{DAFD2A8A-D6B0-4433-8DDF-B98460C64EC6}.Debug|ARM.Build.0 = Debug|Any CPU
		{DAFD2A8A-D6B0-4433-8DDF-B98460C64EC6}.Debug|x64.ActiveCfg = Debug|Any CPU
		{DAFD2A8A-D6B0-4433-8DDF-B98460C64EC6}.Debug|x64.Build.0 = Debug|Any CPU
		{DAFD2A8A-D6B0-4433-8DDF-B98460C64EC6}.Debug|x86.ActiveCfg = Debug|Any CPU
		{DAFD2A8A-D6B0-4433-8DDF-B98460C64EC6}.Debug|x86.Build.0 = Debug|Any CPU
		{DAFD2A8A-D6B0-4433-8DDF-B98460C64EC6}.Release|Any CPU.ActiveCfg = Release|Any CPU
		{DAFD2A8A-D6B0-4433-8DDF-B98460C64EC6}.Release|Any CPU.Build.0 = Release|Any CPU
		{DAFD2A8A-D6B0-4433-8DDF-B98460C64EC6}.Release|ARM.ActiveCfg = Release|Any CPU
		{DAFD2A8A-D6B0-4433-8DDF-B98460C64EC6}.Release|ARM.Build.0 = Release|Any CPU
		{DAFD2A8A-D6B0-4433-8DDF-B98460C64EC6}.Release|x64.ActiveCfg = Release|Any CPU
		{DAFD2A8A-D6B0-4433-8DDF-B98460C64EC6}.Release|x64.Build.0 = Release|Any CPU
		{DAFD2A8A-D6B0-4433-8DDF-B98460C64EC6}.Release|x86.ActiveCfg = Release|Any CPU
		{DAFD2A8A-D6B0-4433-8DDF-B98460C64EC6}.Release|x86.Build.0 = Release|Any CPU
		{9B2B497A-C41C-4603-9DD1-AE87D3E0C903}.Debug|Any CPU.ActiveCfg = Debug|Any CPU
		{9B2B497A-C41C-4603-9DD1-AE87D3E0C903}.Debug|Any CPU.Build.0 = Debug|Any CPU
		{9B2B497A-C41C-4603-9DD1-AE87D3E0C903}.Debug|ARM.ActiveCfg = Debug|Any CPU
		{9B2B497A-C41C-4603-9DD1-AE87D3E0C903}.Debug|ARM.Build.0 = Debug|Any CPU
		{9B2B497A-C41C-4603-9DD1-AE87D3E0C903}.Debug|x64.ActiveCfg = Debug|Any CPU
		{9B2B497A-C41C-4603-9DD1-AE87D3E0C903}.Debug|x64.Build.0 = Debug|Any CPU
		{9B2B497A-C41C-4603-9DD1-AE87D3E0C903}.Debug|x86.ActiveCfg = Debug|Any CPU
		{9B2B497A-C41C-4603-9DD1-AE87D3E0C903}.Debug|x86.Build.0 = Debug|Any CPU
		{9B2B497A-C41C-4603-9DD1-AE87D3E0C903}.Release|Any CPU.ActiveCfg = Release|Any CPU
		{9B2B497A-C41C-4603-9DD1-AE87D3E0C903}.Release|Any CPU.Build.0 = Release|Any CPU
		{9B2B497A-C41C-4603-9DD1-AE87D3E0C903}.Release|ARM.ActiveCfg = Release|Any CPU
		{9B2B497A-C41C-4603-9DD1-AE87D3E0C903}.Release|ARM.Build.0 = Release|Any CPU
		{9B2B497A-C41C-4603-9DD1-AE87D3E0C903}.Release|x64.ActiveCfg = Release|Any CPU
		{9B2B497A-C41C-4603-9DD1-AE87D3E0C903}.Release|x64.Build.0 = Release|Any CPU
		{9B2B497A-C41C-4603-9DD1-AE87D3E0C903}.Release|x86.ActiveCfg = Release|Any CPU
		{9B2B497A-C41C-4603-9DD1-AE87D3E0C903}.Release|x86.Build.0 = Release|Any CPU
		{53DE3E6F-4A96-49EA-A559-F5A4571B3B6D}.Debug|Any CPU.ActiveCfg = Debug|Any CPU
		{53DE3E6F-4A96-49EA-A559-F5A4571B3B6D}.Debug|Any CPU.Build.0 = Debug|Any CPU
		{53DE3E6F-4A96-49EA-A559-F5A4571B3B6D}.Debug|ARM.ActiveCfg = Debug|Any CPU
		{53DE3E6F-4A96-49EA-A559-F5A4571B3B6D}.Debug|ARM.Build.0 = Debug|Any CPU
		{53DE3E6F-4A96-49EA-A559-F5A4571B3B6D}.Debug|x64.ActiveCfg = Debug|Any CPU
		{53DE3E6F-4A96-49EA-A559-F5A4571B3B6D}.Debug|x64.Build.0 = Debug|Any CPU
		{53DE3E6F-4A96-49EA-A559-F5A4571B3B6D}.Debug|x86.ActiveCfg = Debug|Any CPU
		{53DE3E6F-4A96-49EA-A559-F5A4571B3B6D}.Debug|x86.Build.0 = Debug|Any CPU
		{53DE3E6F-4A96-49EA-A559-F5A4571B3B6D}.Release|Any CPU.ActiveCfg = Release|Any CPU
		{53DE3E6F-4A96-49EA-A559-F5A4571B3B6D}.Release|Any CPU.Build.0 = Release|Any CPU
		{53DE3E6F-4A96-49EA-A559-F5A4571B3B6D}.Release|ARM.ActiveCfg = Release|Any CPU
		{53DE3E6F-4A96-49EA-A559-F5A4571B3B6D}.Release|ARM.Build.0 = Release|Any CPU
		{53DE3E6F-4A96-49EA-A559-F5A4571B3B6D}.Release|x64.ActiveCfg = Release|Any CPU
		{53DE3E6F-4A96-49EA-A559-F5A4571B3B6D}.Release|x64.Build.0 = Release|Any CPU
		{53DE3E6F-4A96-49EA-A559-F5A4571B3B6D}.Release|x86.ActiveCfg = Release|Any CPU
		{53DE3E6F-4A96-49EA-A559-F5A4571B3B6D}.Release|x86.Build.0 = Release|Any CPU
		{4A5FDF26-44C4-4432-8301-1B4ED7332C4D}.Debug|Any CPU.ActiveCfg = Debug|Any CPU
		{4A5FDF26-44C4-4432-8301-1B4ED7332C4D}.Debug|Any CPU.Build.0 = Debug|Any CPU
		{4A5FDF26-44C4-4432-8301-1B4ED7332C4D}.Debug|ARM.ActiveCfg = Debug|Any CPU
		{4A5FDF26-44C4-4432-8301-1B4ED7332C4D}.Debug|ARM.Build.0 = Debug|Any CPU
		{4A5FDF26-44C4-4432-8301-1B4ED7332C4D}.Debug|x64.ActiveCfg = Debug|Any CPU
		{4A5FDF26-44C4-4432-8301-1B4ED7332C4D}.Debug|x64.Build.0 = Debug|Any CPU
		{4A5FDF26-44C4-4432-8301-1B4ED7332C4D}.Debug|x86.ActiveCfg = Debug|Any CPU
		{4A5FDF26-44C4-4432-8301-1B4ED7332C4D}.Debug|x86.Build.0 = Debug|Any CPU
		{4A5FDF26-44C4-4432-8301-1B4ED7332C4D}.Release|Any CPU.ActiveCfg = Release|Any CPU
		{4A5FDF26-44C4-4432-8301-1B4ED7332C4D}.Release|Any CPU.Build.0 = Release|Any CPU
		{4A5FDF26-44C4-4432-8301-1B4ED7332C4D}.Release|ARM.ActiveCfg = Release|Any CPU
		{4A5FDF26-44C4-4432-8301-1B4ED7332C4D}.Release|ARM.Build.0 = Release|Any CPU
		{4A5FDF26-44C4-4432-8301-1B4ED7332C4D}.Release|x64.ActiveCfg = Release|Any CPU
		{4A5FDF26-44C4-4432-8301-1B4ED7332C4D}.Release|x64.Build.0 = Release|Any CPU
		{4A5FDF26-44C4-4432-8301-1B4ED7332C4D}.Release|x86.ActiveCfg = Release|Any CPU
		{4A5FDF26-44C4-4432-8301-1B4ED7332C4D}.Release|x86.Build.0 = Release|Any CPU
		{321A449D-F7BC-4DA8-90A3-E9BE6A296164}.Debug|Any CPU.ActiveCfg = Debug|Any CPU
		{321A449D-F7BC-4DA8-90A3-E9BE6A296164}.Debug|Any CPU.Build.0 = Debug|Any CPU
		{321A449D-F7BC-4DA8-90A3-E9BE6A296164}.Debug|ARM.ActiveCfg = Debug|Any CPU
		{321A449D-F7BC-4DA8-90A3-E9BE6A296164}.Debug|ARM.Build.0 = Debug|Any CPU
		{321A449D-F7BC-4DA8-90A3-E9BE6A296164}.Debug|x64.ActiveCfg = Debug|Any CPU
		{321A449D-F7BC-4DA8-90A3-E9BE6A296164}.Debug|x64.Build.0 = Debug|Any CPU
		{321A449D-F7BC-4DA8-90A3-E9BE6A296164}.Debug|x86.ActiveCfg = Debug|Any CPU
		{321A449D-F7BC-4DA8-90A3-E9BE6A296164}.Debug|x86.Build.0 = Debug|Any CPU
		{321A449D-F7BC-4DA8-90A3-E9BE6A296164}.Release|Any CPU.ActiveCfg = Release|Any CPU
		{321A449D-F7BC-4DA8-90A3-E9BE6A296164}.Release|Any CPU.Build.0 = Release|Any CPU
		{321A449D-F7BC-4DA8-90A3-E9BE6A296164}.Release|ARM.ActiveCfg = Release|Any CPU
		{321A449D-F7BC-4DA8-90A3-E9BE6A296164}.Release|ARM.Build.0 = Release|Any CPU
		{321A449D-F7BC-4DA8-90A3-E9BE6A296164}.Release|x64.ActiveCfg = Release|Any CPU
		{321A449D-F7BC-4DA8-90A3-E9BE6A296164}.Release|x64.Build.0 = Release|Any CPU
		{321A449D-F7BC-4DA8-90A3-E9BE6A296164}.Release|x86.ActiveCfg = Release|Any CPU
		{321A449D-F7BC-4DA8-90A3-E9BE6A296164}.Release|x86.Build.0 = Release|Any CPU
		{2C3AB314-51CF-47E6-954D-F75ECCA28B90}.Debug|Any CPU.ActiveCfg = Debug|Any CPU
		{2C3AB314-51CF-47E6-954D-F75ECCA28B90}.Debug|Any CPU.Build.0 = Debug|Any CPU
		{2C3AB314-51CF-47E6-954D-F75ECCA28B90}.Debug|ARM.ActiveCfg = Debug|Any CPU
		{2C3AB314-51CF-47E6-954D-F75ECCA28B90}.Debug|ARM.Build.0 = Debug|Any CPU
		{2C3AB314-51CF-47E6-954D-F75ECCA28B90}.Debug|x64.ActiveCfg = Debug|Any CPU
		{2C3AB314-51CF-47E6-954D-F75ECCA28B90}.Debug|x64.Build.0 = Debug|Any CPU
		{2C3AB314-51CF-47E6-954D-F75ECCA28B90}.Debug|x86.ActiveCfg = Debug|Any CPU
		{2C3AB314-51CF-47E6-954D-F75ECCA28B90}.Debug|x86.Build.0 = Debug|Any CPU
		{2C3AB314-51CF-47E6-954D-F75ECCA28B90}.Release|Any CPU.ActiveCfg = Release|Any CPU
		{2C3AB314-51CF-47E6-954D-F75ECCA28B90}.Release|Any CPU.Build.0 = Release|Any CPU
		{2C3AB314-51CF-47E6-954D-F75ECCA28B90}.Release|ARM.ActiveCfg = Release|Any CPU
		{2C3AB314-51CF-47E6-954D-F75ECCA28B90}.Release|ARM.Build.0 = Release|Any CPU
		{2C3AB314-51CF-47E6-954D-F75ECCA28B90}.Release|x64.ActiveCfg = Release|Any CPU
		{2C3AB314-51CF-47E6-954D-F75ECCA28B90}.Release|x64.Build.0 = Release|Any CPU
		{2C3AB314-51CF-47E6-954D-F75ECCA28B90}.Release|x86.ActiveCfg = Release|Any CPU
		{2C3AB314-51CF-47E6-954D-F75ECCA28B90}.Release|x86.Build.0 = Release|Any CPU
		{98E25570-1841-440E-95CE-2218168E6893}.Debug|Any CPU.ActiveCfg = Debug|Any CPU
		{98E25570-1841-440E-95CE-2218168E6893}.Debug|Any CPU.Build.0 = Debug|Any CPU
		{98E25570-1841-440E-95CE-2218168E6893}.Debug|ARM.ActiveCfg = Debug|Any CPU
		{98E25570-1841-440E-95CE-2218168E6893}.Debug|ARM.Build.0 = Debug|Any CPU
		{98E25570-1841-440E-95CE-2218168E6893}.Debug|x64.ActiveCfg = Debug|Any CPU
		{98E25570-1841-440E-95CE-2218168E6893}.Debug|x64.Build.0 = Debug|Any CPU
		{98E25570-1841-440E-95CE-2218168E6893}.Debug|x86.ActiveCfg = Debug|Any CPU
		{98E25570-1841-440E-95CE-2218168E6893}.Debug|x86.Build.0 = Debug|Any CPU
		{98E25570-1841-440E-95CE-2218168E6893}.Release|Any CPU.ActiveCfg = Release|Any CPU
		{98E25570-1841-440E-95CE-2218168E6893}.Release|Any CPU.Build.0 = Release|Any CPU
		{98E25570-1841-440E-95CE-2218168E6893}.Release|ARM.ActiveCfg = Release|Any CPU
		{98E25570-1841-440E-95CE-2218168E6893}.Release|ARM.Build.0 = Release|Any CPU
		{98E25570-1841-440E-95CE-2218168E6893}.Release|x64.ActiveCfg = Release|Any CPU
		{98E25570-1841-440E-95CE-2218168E6893}.Release|x64.Build.0 = Release|Any CPU
		{98E25570-1841-440E-95CE-2218168E6893}.Release|x86.ActiveCfg = Release|Any CPU
		{98E25570-1841-440E-95CE-2218168E6893}.Release|x86.Build.0 = Release|Any CPU
		{5FEBEF59-9DE8-436D-95B8-9816019DA38A}.Debug|Any CPU.ActiveCfg = Debug|Any CPU
		{5FEBEF59-9DE8-436D-95B8-9816019DA38A}.Debug|Any CPU.Build.0 = Debug|Any CPU
		{5FEBEF59-9DE8-436D-95B8-9816019DA38A}.Debug|ARM.ActiveCfg = Debug|Any CPU
		{5FEBEF59-9DE8-436D-95B8-9816019DA38A}.Debug|ARM.Build.0 = Debug|Any CPU
		{5FEBEF59-9DE8-436D-95B8-9816019DA38A}.Debug|x64.ActiveCfg = Debug|Any CPU
		{5FEBEF59-9DE8-436D-95B8-9816019DA38A}.Debug|x64.Build.0 = Debug|Any CPU
		{5FEBEF59-9DE8-436D-95B8-9816019DA38A}.Debug|x86.ActiveCfg = Debug|Any CPU
		{5FEBEF59-9DE8-436D-95B8-9816019DA38A}.Debug|x86.Build.0 = Debug|Any CPU
		{5FEBEF59-9DE8-436D-95B8-9816019DA38A}.Release|Any CPU.ActiveCfg = Release|Any CPU
		{5FEBEF59-9DE8-436D-95B8-9816019DA38A}.Release|Any CPU.Build.0 = Release|Any CPU
		{5FEBEF59-9DE8-436D-95B8-9816019DA38A}.Release|ARM.ActiveCfg = Release|Any CPU
		{5FEBEF59-9DE8-436D-95B8-9816019DA38A}.Release|ARM.Build.0 = Release|Any CPU
		{5FEBEF59-9DE8-436D-95B8-9816019DA38A}.Release|x64.ActiveCfg = Release|Any CPU
		{5FEBEF59-9DE8-436D-95B8-9816019DA38A}.Release|x64.Build.0 = Release|Any CPU
		{5FEBEF59-9DE8-436D-95B8-9816019DA38A}.Release|x86.ActiveCfg = Release|Any CPU
		{5FEBEF59-9DE8-436D-95B8-9816019DA38A}.Release|x86.Build.0 = Release|Any CPU
		{329340E7-899B-4A9E-A6F5-C37007C441A8}.Debug|Any CPU.ActiveCfg = Debug|Any CPU
		{329340E7-899B-4A9E-A6F5-C37007C441A8}.Debug|Any CPU.Build.0 = Debug|Any CPU
		{329340E7-899B-4A9E-A6F5-C37007C441A8}.Debug|ARM.ActiveCfg = Debug|Any CPU
		{329340E7-899B-4A9E-A6F5-C37007C441A8}.Debug|ARM.Build.0 = Debug|Any CPU
		{329340E7-899B-4A9E-A6F5-C37007C441A8}.Debug|x64.ActiveCfg = Debug|Any CPU
		{329340E7-899B-4A9E-A6F5-C37007C441A8}.Debug|x64.Build.0 = Debug|Any CPU
		{329340E7-899B-4A9E-A6F5-C37007C441A8}.Debug|x86.ActiveCfg = Debug|Any CPU
		{329340E7-899B-4A9E-A6F5-C37007C441A8}.Debug|x86.Build.0 = Debug|Any CPU
		{329340E7-899B-4A9E-A6F5-C37007C441A8}.Release|Any CPU.ActiveCfg = Release|Any CPU
		{329340E7-899B-4A9E-A6F5-C37007C441A8}.Release|Any CPU.Build.0 = Release|Any CPU
		{329340E7-899B-4A9E-A6F5-C37007C441A8}.Release|ARM.ActiveCfg = Release|Any CPU
		{329340E7-899B-4A9E-A6F5-C37007C441A8}.Release|ARM.Build.0 = Release|Any CPU
		{329340E7-899B-4A9E-A6F5-C37007C441A8}.Release|x64.ActiveCfg = Release|Any CPU
		{329340E7-899B-4A9E-A6F5-C37007C441A8}.Release|x64.Build.0 = Release|Any CPU
		{329340E7-899B-4A9E-A6F5-C37007C441A8}.Release|x86.ActiveCfg = Release|Any CPU
		{329340E7-899B-4A9E-A6F5-C37007C441A8}.Release|x86.Build.0 = Release|Any CPU
		{CDF1BC28-0084-48EA-95ED-8770DD0F7DD8}.Debug|Any CPU.ActiveCfg = Debug|Any CPU
		{CDF1BC28-0084-48EA-95ED-8770DD0F7DD8}.Debug|Any CPU.Build.0 = Debug|Any CPU
		{CDF1BC28-0084-48EA-95ED-8770DD0F7DD8}.Debug|ARM.ActiveCfg = Debug|Any CPU
		{CDF1BC28-0084-48EA-95ED-8770DD0F7DD8}.Debug|ARM.Build.0 = Debug|Any CPU
		{CDF1BC28-0084-48EA-95ED-8770DD0F7DD8}.Debug|x64.ActiveCfg = Debug|Any CPU
		{CDF1BC28-0084-48EA-95ED-8770DD0F7DD8}.Debug|x64.Build.0 = Debug|Any CPU
		{CDF1BC28-0084-48EA-95ED-8770DD0F7DD8}.Debug|x86.ActiveCfg = Debug|Any CPU
		{CDF1BC28-0084-48EA-95ED-8770DD0F7DD8}.Debug|x86.Build.0 = Debug|Any CPU
		{CDF1BC28-0084-48EA-95ED-8770DD0F7DD8}.Release|Any CPU.ActiveCfg = Release|Any CPU
		{CDF1BC28-0084-48EA-95ED-8770DD0F7DD8}.Release|Any CPU.Build.0 = Release|Any CPU
		{CDF1BC28-0084-48EA-95ED-8770DD0F7DD8}.Release|ARM.ActiveCfg = Release|Any CPU
		{CDF1BC28-0084-48EA-95ED-8770DD0F7DD8}.Release|ARM.Build.0 = Release|Any CPU
		{CDF1BC28-0084-48EA-95ED-8770DD0F7DD8}.Release|x64.ActiveCfg = Release|Any CPU
		{CDF1BC28-0084-48EA-95ED-8770DD0F7DD8}.Release|x64.Build.0 = Release|Any CPU
		{CDF1BC28-0084-48EA-95ED-8770DD0F7DD8}.Release|x86.ActiveCfg = Release|Any CPU
		{CDF1BC28-0084-48EA-95ED-8770DD0F7DD8}.Release|x86.Build.0 = Release|Any CPU
		{3CB4F78B-A204-4540-B86B-085478D725E8}.Debug|Any CPU.ActiveCfg = Debug|Any CPU
		{3CB4F78B-A204-4540-B86B-085478D725E8}.Debug|Any CPU.Build.0 = Debug|Any CPU
		{3CB4F78B-A204-4540-B86B-085478D725E8}.Debug|ARM.ActiveCfg = Debug|Any CPU
		{3CB4F78B-A204-4540-B86B-085478D725E8}.Debug|ARM.Build.0 = Debug|Any CPU
		{3CB4F78B-A204-4540-B86B-085478D725E8}.Debug|x64.ActiveCfg = Debug|Any CPU
		{3CB4F78B-A204-4540-B86B-085478D725E8}.Debug|x64.Build.0 = Debug|Any CPU
		{3CB4F78B-A204-4540-B86B-085478D725E8}.Debug|x86.ActiveCfg = Debug|Any CPU
		{3CB4F78B-A204-4540-B86B-085478D725E8}.Debug|x86.Build.0 = Debug|Any CPU
		{3CB4F78B-A204-4540-B86B-085478D725E8}.Release|Any CPU.ActiveCfg = Release|Any CPU
		{3CB4F78B-A204-4540-B86B-085478D725E8}.Release|Any CPU.Build.0 = Release|Any CPU
		{3CB4F78B-A204-4540-B86B-085478D725E8}.Release|ARM.ActiveCfg = Release|Any CPU
		{3CB4F78B-A204-4540-B86B-085478D725E8}.Release|ARM.Build.0 = Release|Any CPU
		{3CB4F78B-A204-4540-B86B-085478D725E8}.Release|x64.ActiveCfg = Release|Any CPU
		{3CB4F78B-A204-4540-B86B-085478D725E8}.Release|x64.Build.0 = Release|Any CPU
		{3CB4F78B-A204-4540-B86B-085478D725E8}.Release|x86.ActiveCfg = Release|Any CPU
		{3CB4F78B-A204-4540-B86B-085478D725E8}.Release|x86.Build.0 = Release|Any CPU
	EndGlobalSection
	GlobalSection(SolutionProperties) = preSolution
		HideSolutionNode = FALSE
	EndGlobalSection
	GlobalSection(NestedProjects) = preSolution
		{44DA2E8F-70B2-4E54-B96F-955E955149C4} = {0F550E98-E035-41D9-8A1B-766C4500AB44}
		{5B3EDD0F-B30A-47EB-AECC-455976745A57} = {7F7CBC91-C687-49D7-9FAF-889D18AF5C73}
		{1CD16A35-BA3A-459D-B523-FD124707413F} = {F3C49C8F-FFAE-496A-80FF-F321614FDFEE}
		{9720ACFE-75F4-40D8-BFDD-E6F773EA4482} = {7F7CBC91-C687-49D7-9FAF-889D18AF5C73}
		{DAFD2A8A-D6B0-4433-8DDF-B98460C64EC6} = {0F550E98-E035-41D9-8A1B-766C4500AB44}
		{9B2B497A-C41C-4603-9DD1-AE87D3E0C903} = {66F9FB0C-2ADA-4F69-88C2-E0919D6863FE}
		{53DE3E6F-4A96-49EA-A559-F5A4571B3B6D} = {66F9FB0C-2ADA-4F69-88C2-E0919D6863FE}
		{4A5FDF26-44C4-4432-8301-1B4ED7332C4D} = {F3C49C8F-FFAE-496A-80FF-F321614FDFEE}
		{321A449D-F7BC-4DA8-90A3-E9BE6A296164} = {7F7CBC91-C687-49D7-9FAF-889D18AF5C73}
		{2C3AB314-51CF-47E6-954D-F75ECCA28B90} = {66F9FB0C-2ADA-4F69-88C2-E0919D6863FE}
		{98E25570-1841-440E-95CE-2218168E6893} = {11AD559C-E403-48C0-A818-5CFA1CA1E19E}
		{5FEBEF59-9DE8-436D-95B8-9816019DA38A} = {7F7CBC91-C687-49D7-9FAF-889D18AF5C73}
		{329340E7-899B-4A9E-A6F5-C37007C441A8} = {66F9FB0C-2ADA-4F69-88C2-E0919D6863FE}
		{CDF1BC28-0084-48EA-95ED-8770DD0F7DD8} = {7F7CBC91-C687-49D7-9FAF-889D18AF5C73}
		{3CB4F78B-A204-4540-B86B-085478D725E8} = {66F9FB0C-2ADA-4F69-88C2-E0919D6863FE}
	EndGlobalSection
EndGlobal
