
Microsoft Visual Studio Solution File, Format Version 12.00
# Visual Studio 14
VisualStudioVersion = 14.0.23107.0
MinimumVisualStudioVersion = 10.0.40219.1
Project("{FAE04EC0-301F-11D3-BF4B-00C04F79EFBC}") = "Infrastructure", "Infrastructure\Infrastructure.csproj", "{44DA2E8F-70B2-4E54-B96F-955E955149C4}"
EndProject
Project("{FAE04EC0-301F-11D3-BF4B-00C04F79EFBC}") = "Customer.BoundedContext", "Customer.BoundedContext\Customer.BoundedContext.csproj", "{5B3EDD0F-B30A-47EB-AECC-455976745A57}"
EndProject
Project("{FAE04EC0-301F-11D3-BF4B-00C04F79EFBC}") = "UI", "UI\UI.csproj", "{1CD16A35-BA3A-459D-B523-FD124707413F}"
EndProject
Project("{FAE04EC0-301F-11D3-BF4B-00C04F79EFBC}") = "Customer.API", "Customer.API\Customer.API.csproj", "{9720ACFE-75F4-40D8-BFDD-E6F773EA4482}"
EndProject
Project("{FAE04EC0-301F-11D3-BF4B-00C04F79EFBC}") = "Infrastructure.Tests", "Infrastructure.Tests\Infrastructure.Tests.csproj", "{1D5884DA-B97A-40A4-9189-F0B4C8A018A3}"
EndProject
Project("{2150E333-8FDC-42A3-9474-1A3956D46DE8}") = "Testing", "Testing", "{11AD559C-E403-48C0-A818-5CFA1CA1E19E}"
EndProject
Project("{2150E333-8FDC-42A3-9474-1A3956D46DE8}") = "Common", "Common", "{0F550E98-E035-41D9-8A1B-766C4500AB44}"
EndProject
Project("{2150E333-8FDC-42A3-9474-1A3956D46DE8}") = "UserInterface", "UserInterface", "{F3C49C8F-FFAE-496A-80FF-F321614FDFEE}"
EndProject
Project("{2150E333-8FDC-42A3-9474-1A3956D46DE8}") = "Microservice.Customer", "Microservice.Customer", "{7F7CBC91-C687-49D7-9FAF-889D18AF5C73}"
EndProject
Global
	GlobalSection(SolutionConfigurationPlatforms) = preSolution
		Debug|Any CPU = Debug|Any CPU
		Release|Any CPU = Release|Any CPU
	EndGlobalSection
	GlobalSection(ProjectConfigurationPlatforms) = postSolution
		{44DA2E8F-70B2-4E54-B96F-955E955149C4}.Debug|Any CPU.ActiveCfg = Debug|Any CPU
		{44DA2E8F-70B2-4E54-B96F-955E955149C4}.Debug|Any CPU.Build.0 = Debug|Any CPU
		{44DA2E8F-70B2-4E54-B96F-955E955149C4}.Release|Any CPU.ActiveCfg = Release|Any CPU
		{44DA2E8F-70B2-4E54-B96F-955E955149C4}.Release|Any CPU.Build.0 = Release|Any CPU
		{5B3EDD0F-B30A-47EB-AECC-455976745A57}.Debug|Any CPU.ActiveCfg = Debug|Any CPU
		{5B3EDD0F-B30A-47EB-AECC-455976745A57}.Debug|Any CPU.Build.0 = Debug|Any CPU
		{5B3EDD0F-B30A-47EB-AECC-455976745A57}.Release|Any CPU.ActiveCfg = Release|Any CPU
		{5B3EDD0F-B30A-47EB-AECC-455976745A57}.Release|Any CPU.Build.0 = Release|Any CPU
		{1CD16A35-BA3A-459D-B523-FD124707413F}.Debug|Any CPU.ActiveCfg = Debug|Any CPU
		{1CD16A35-BA3A-459D-B523-FD124707413F}.Debug|Any CPU.Build.0 = Debug|Any CPU
		{1CD16A35-BA3A-459D-B523-FD124707413F}.Release|Any CPU.ActiveCfg = Release|Any CPU
		{1CD16A35-BA3A-459D-B523-FD124707413F}.Release|Any CPU.Build.0 = Release|Any CPU
		{9720ACFE-75F4-40D8-BFDD-E6F773EA4482}.Debug|Any CPU.ActiveCfg = Debug|Any CPU
		{9720ACFE-75F4-40D8-BFDD-E6F773EA4482}.Debug|Any CPU.Build.0 = Debug|Any CPU
		{9720ACFE-75F4-40D8-BFDD-E6F773EA4482}.Release|Any CPU.ActiveCfg = Release|Any CPU
		{9720ACFE-75F4-40D8-BFDD-E6F773EA4482}.Release|Any CPU.Build.0 = Release|Any CPU
		{1D5884DA-B97A-40A4-9189-F0B4C8A018A3}.Debug|Any CPU.ActiveCfg = Debug|Any CPU
		{1D5884DA-B97A-40A4-9189-F0B4C8A018A3}.Debug|Any CPU.Build.0 = Debug|Any CPU
		{1D5884DA-B97A-40A4-9189-F0B4C8A018A3}.Release|Any CPU.ActiveCfg = Release|Any CPU
		{1D5884DA-B97A-40A4-9189-F0B4C8A018A3}.Release|Any CPU.Build.0 = Release|Any CPU
	EndGlobalSection
	GlobalSection(SolutionProperties) = preSolution
		HideSolutionNode = FALSE
	EndGlobalSection
	GlobalSection(NestedProjects) = preSolution
		{44DA2E8F-70B2-4E54-B96F-955E955149C4} = {0F550E98-E035-41D9-8A1B-766C4500AB44}
		{5B3EDD0F-B30A-47EB-AECC-455976745A57} = {7F7CBC91-C687-49D7-9FAF-889D18AF5C73}
		{1CD16A35-BA3A-459D-B523-FD124707413F} = {F3C49C8F-FFAE-496A-80FF-F321614FDFEE}
		{9720ACFE-75F4-40D8-BFDD-E6F773EA4482} = {7F7CBC91-C687-49D7-9FAF-889D18AF5C73}
		{1D5884DA-B97A-40A4-9189-F0B4C8A018A3} = {11AD559C-E403-48C0-A818-5CFA1CA1E19E}
	EndGlobalSection
EndGlobal
